
Microsoft Visual Studio Solution File, Format Version 12.00
# Visual Studio Version 17
VisualStudioVersion = 17.14.36109.1 d17.14
MinimumVisualStudioVersion = 10.0.40219.1
Project("{FAE04EC0-301F-11D3-BF4B-00C04F79EFBC}") = "Aula02", "Aula02\Aula02.csproj", "{1D60807F-2876-4C07-B225-99523617EA6A}"
EndProject
Global
	GlobalSection(SolutionConfigurationPlatforms) = preSolution
		Debug|Any CPU = Debug|Any CPU
		Release|Any CPU = Release|Any CPU
	EndGlobalSection
	GlobalSection(ProjectConfigurationPlatforms) = postSolution
		{1D60807F-2876-4C07-B225-99523617EA6A}.Debug|Any CPU.ActiveCfg = Debug|Any CPU
		{1D60807F-2876-4C07-B225-99523617EA6A}.Debug|Any CPU.Build.0 = Debug|Any CPU
		{1D60807F-2876-4C07-B225-99523617EA6A}.Release|Any CPU.ActiveCfg = Release|Any CPU
		{1D60807F-2876-4C07-B225-99523617EA6A}.Release|Any CPU.Build.0 = Release|Any CPU
	EndGlobalSection
	GlobalSection(SolutionProperties) = preSolution
		HideSolutionNode = FALSE
	EndGlobalSection
	GlobalSection(ExtensibilityGlobals) = postSolution
		SolutionGuid = {E04A6493-59B9-425B-80D1-F05DC30B3FBF}
	EndGlobalSection
EndGlobal
